PODS:
  - AFNetworking (2.5.4):
    - AFNetworking/NSURLConnection (= 2.5.4)
    - AFNetworking/NSURLSession (= 2.5.4)
    - AFNetworking/Reachability (= 2.5.4)
    - AFNetworking/Security (= 2.5.4)
    - AFNetworking/Serialization (= 2.5.4)
    - AFNetworking/UIKit (= 2.5.4)
  - AFNetworking/NSURLConnection (2.5.4):
    - AFNetworking/Reachability
    - AFNetworking/Security
    - AFNetworking/Serialization
  - AFNetworking/NSURLSession (2.5.4):
    - AFNetworking/Reachability
    - AFNetworking/Security
    - AFNetworking/Serialization
  - AFNetworking/Reachability (2.5.4)
  - AFNetworking/Security (2.5.4)
  - AFNetworking/Serialization (2.5.4)
  - AFNetworking/UIKit (2.5.4):
    - AFNetworking/NSURLConnection
    - AFNetworking/NSURLSession
  - Base64 (1.0.1)
  - CocoaLumberjack (2.0.1):
    - CocoaLumberjack/Default (= 2.0.1)
    - CocoaLumberjack/Extensions (= 2.0.1)
  - CocoaLumberjack/Core (2.0.1)
  - CocoaLumberjack/Default (2.0.1):
    - CocoaLumberjack/Core
  - CocoaLumberjack/Extensions (2.0.1):
    - CocoaLumberjack/Default
  - JSONModel (1.0.2)
  - NSData+MD5Digest (1.0.0)
  - UMengAnalytics (3.5.16)

DEPENDENCIES:
  - AFNetworking (~> 2.5.4)
  - Base64
  - CocoaLumberjack (~> 2.0.1)
  - JSONModel (~> 1.0.2)
  - NSData+MD5Digest
  - UMengAnalytics

SPEC CHECKSUMS:
  AFNetworking: 05edc0ac4c4c8cf57bcf4b84be5b0744b6d8e71e
  Base64: 4924bf3ca6fa559a5161ef717291bd450eb7bd1a
  CocoaLumberjack: 019d1361244274a6138c788c6cb80baabc13fb8f
  JSONModel: 6ffcb4ffa3659c9e9a2e5d45d6c7705bab187c03
  NSData+MD5Digest: 0743d53874455e2bdf49f70e7f815b0b963a355f
  UMengAnalytics: fdf0c0a8c07d8bffc012ffa3c68e5d490af42098

COCOAPODS: 0.38.2
