// !$*UTF8*$!
{
	archiveVersion = 1;
	classes = {
	};
	objectVersion = 46;
	objects = {

/* Begin PBXBuildFile section */
		12FB489F196AE76E0026DD51 /* AppDelegate.swift in Sources */ = {isa = PBXBuildFile; fileRef = 12FB489E196AE76E0026DD51 /* AppDelegate.swift */; };
		12FB48A1196AE76E0026DD51 /* ViewController.swift in Sources */ = {isa = PBXBuildFile; fileRef = 12FB48A0196AE76E0026DD51 /* ViewController.swift */; };
		12FB48A4196AE76E0026DD51 /* Main.storyboard in Resources */ = {isa = PBXBuildFile; fileRef = 12FB48A2196AE76E0026DD51 /* Main.storyboard */; };
		12FB48A6196AE76E0026DD51 /* Images.xcassets in Resources */ = {isa = PBXBuildFile; fileRef = 12FB48A5196AE76E0026DD51 /* Images.xcassets */; };
		12FB48B2196AE76E0026DD51 /* Nian_iOSTests.swift in Sources */ = {isa = PBXBuildFile; fileRef = 12FB48B1196AE76E0026DD51 /* Nian_iOSTests.swift */; };
/* End PBXBuildFile section */

/* Begin PBXContainerItemProxy section */
		12FB48AC196AE76E0026DD51 /* PBXContainerItemProxy */ = {
			isa = PBXContainerItemProxy;
			containerPortal = 12FB4891196AE76E0026DD51 /* Project object */;
			proxyType = 1;
			remoteGlobalIDString = 12FB4898196AE76E0026DD51;
			remoteInfo = "Nian iOS";
		};
/* End PBXContainerItemProxy section */

/* Begin PBXFileReference section */
		12FB4899196AE76E0026DD51 /* Nian iOS.app */ = {isa = PBXFileReference; explicitFileType = wrapper.application; includeInIndex = 0; path = "Nian iOS.app"; sourceTree = BUILT_PRODUCTS_DIR; };
		12FB489D196AE76E0026DD51 /* Info.plist */ = {isa = PBXFileReference; lastKnownFileType = text.plist.xml; path = Info.plist; sourceTree = "<group>"; };
		12FB489E196AE76E0026DD51 /* AppDelegate.swift */ = {isa = PBXFileReference; lastKnownFileType = sourcecode.swift; path = AppDelegate.swift; sourceTree = "<group>"; };
		12FB48A0196AE76E0026DD51 /* ViewController.swift */ = {isa = PBXFileReference; lastKnownFileType = sourcecode.swift; path = ViewController.swift; sourceTree = "<group>"; };
		12FB48A3196AE76E0026DD51 /* Base */ = {isa = PBXFileReference; lastKnownFileType = file.storyboard; name = Base; path = Base.lproj/Main.storyboard; sourceTree = "<group>"; };
		12FB48A5196AE76E0026DD51 /* Images.xcassets */ = {isa = PBXFileReference; lastKnownFileType = folder.assetcatalog; path = Images.xcassets; sourceTree = "<group>"; };
		12FB48AB196AE76E0026DD51 /* Nian iOSTests.xctest */ = {isa = PBXFileReference; explicitFileType = wrapper.cfbundle; includeInIndex = 0; path = "Nian iOSTests.xctest"; sourceTree = BUILT_PRODUCTS_DIR; };
		12FB48B0196AE76E0026DD51 /* Info.plist */ = {isa = PBXFileReference; lastKnownFileType = text.plist.xml; path = Info.plist; sourceTree = "<group>"; };
		12FB48B1196AE76E0026DD51 /* Nian_iOSTests.swift */ = {isa = PBXFileReference; lastKnownFileType = sourcecode.swift; path = Nian_iOSTests.swift; sourceTree = "<group>"; };
/* End PBXFileReference section */

/* Begin PBXFrameworksBuildPhase section */
		12FB4896196AE76E0026DD51 /* Frameworks */ = {
			isa = PBXFrameworksBuildPhase;
			buildActionMask = 2147483647;
			files = (
			);
			runOnlyForDeploymentPostprocessing = 0;
		};
		12FB48A8196AE76E0026DD51 /* Frameworks */ = {
			isa = PBXFrameworksBuildPhase;
			buildActionMask = 2147483647;
			files = (
			);
			runOnlyForDeploymentPostprocessing = 0;
		};
/* End PBXFrameworksBuildPhase section */

/* Begin PBXGroup section */
		12FB4890196AE76E0026DD51 = {
			isa = PBXGroup;
			children = (
				12FB489B196AE76E0026DD51 /* Nian iOS */,
				12FB48AE196AE76E0026DD51 /* Nian iOSTests */,
				12FB489A196AE76E0026DD51 /* Products */,
			);
			sourceTree = "<group>";
		};
		12FB489A196AE76E0026DD51 /* Products */ = {
			isa = PBXGroup;
			children = (
				12FB4899196AE76E0026DD51 /* Nian iOS.app */,
				12FB48AB196AE76E0026DD51 /* Nian iOSTests.xctest */,
			);
			name = Products;
			sourceTree = "<group>";
		};
		12FB489B196AE76E0026DD51 /* Nian iOS */ = {
			isa = PBXGroup;
			children = (
				12FB489E196AE76E0026DD51 /* AppDelegate.swift */,
				12FB48A0196AE76E0026DD51 /* ViewController.swift */,
				12FB48A2196AE76E0026DD51 /* Main.storyboard */,
				12FB48A5196AE76E0026DD51 /* Images.xcassets */,
				12FB489C196AE76E0026DD51 /* Supporting Files */,
			);
			path = "Nian iOS";
			sourceTree = "<group>";
		};
		12FB489C196AE76E0026DD51 /* Supporting Files */ = {
			isa = PBXGroup;
			children = (
				12FB489D196AE76E0026DD51 /* Info.plist */,
			);
			name = "Supporting Files";
			sourceTree = "<group>";
		};
		12FB48AE196AE76E0026DD51 /* Nian iOSTests */ = {
			isa = PBXGroup;
			children = (
				12FB48B1196AE76E0026DD51 /* Nian_iOSTests.swift */,
				12FB48AF196AE76E0026DD51 /* Supporting Files */,
			);
			path = "Nian iOSTests";
			sourceTree = "<group>";
		};
		12FB48AF196AE76E0026DD51 /* Supporting Files */ = {
			isa = PBXGroup;
			children = (
				12FB48B0196AE76E0026DD51 /* Info.plist */,
			);
			name = "Supporting Files";
			sourceTree = "<group>";
		};
/* End PBXGroup section */

/* Begin PBXNativeTarget section */
		12FB4898196AE76E0026DD51 /* Nian iOS */ = {
			isa = PBXNativeTarget;
			buildConfigurationList = 12FB48B5196AE76E0026DD51 /* Build configuration list for PBXNativeTarget "Nian iOS" */;
			buildPhases = (
				12FB4895196AE76E0026DD51 /* Sources */,
				12FB4896196AE76E0026DD51 /* Frameworks */,
				12FB4897196AE76E0026DD51 /* Resources */,
			);
			buildRules = (
			);
			dependencies = (
			);
			name = "Nian iOS";
			productName = "Nian iOS";
			productReference = 12FB4899196AE76E0026DD51 /* Nian iOS.app */;
			productType = "com.apple.product-type.application";
		};
		12FB48AA196AE76E0026DD51 /* Nian iOSTests */ = {
			isa = PBXNativeTarget;
			buildConfigurationList = 12FB48B8196AE76E0026DD51 /* Build configuration list for PBXNativeTarget "Nian iOSTests" */;
			buildPhases = (
				12FB48A7196AE76E0026DD51 /* Sources */,
				12FB48A8196AE76E0026DD51 /* Frameworks */,
				12FB48A9196AE76E0026DD51 /* Resources */,
			);
			buildRules = (
			);
			dependencies = (
				12FB48AD196AE76E0026DD51 /* PBXTargetDependency */,
			);
			name = "Nian iOSTests";
			productName = "Nian iOSTests";
			productReference = 12FB48AB196AE76E0026DD51 /* Nian iOSTests.xctest */;
			productType = "com.apple.product-type.bundle.unit-test";
		};
/* End PBXNativeTarget section */

/* Begin PBXProject section */
		12FB4891196AE76E0026DD51 /* Project object */ = {
			isa = PBXProject;
			attributes = {
				LastUpgradeCheck = 0600;
				ORGANIZATIONNAME = Sa;
				TargetAttributes = {
					12FB4898196AE76E0026DD51 = {
						CreatedOnToolsVersion = 6.0;
					};
					12FB48AA196AE76E0026DD51 = {
						CreatedOnToolsVersion = 6.0;
						TestTargetID = 12FB4898196AE76E0026DD51;
					};
				};
			};
			buildConfigurationList = 12FB4894196AE76E0026DD51 /* Build configuration list for PBXProject "Nian iOS" */;
			compatibilityVersion = "Xcode 3.2";
			developmentRegion = English;
			hasScannedForEncodings = 0;
			knownRegions = (
				en,
				Base,
			);
			mainGroup = 12FB4890196AE76E0026DD51;
			productRefGroup = 12FB489A196AE76E0026DD51 /* Products */;
			projectDirPath = "";
			projectRoot = "";
			targets = (
				12FB4898196AE76E0026DD51 /* Nian iOS */,
				12FB48AA196AE76E0026DD51 /* Nian iOSTests */,
			);
		};
/* End PBXProject section */

/* Begin PBXResourcesBuildPhase section */
		12FB4897196AE76E0026DD51 /* Resources */ = {
			isa = PBXResourcesBuildPhase;
			buildActionMask = 2147483647;
			files = (
				12FB48A4196AE76E0026DD51 /* Main.storyboard in Resources */,
				12FB48A6196AE76E0026DD51 /* Images.xcassets in Resources */,
			);
			runOnlyForDeploymentPostprocessing = 0;
		};
		12FB48A9196AE76E0026DD51 /* Resources */ = {
			isa = PBXResourcesBuildPhase;
			buildActionMask = 2147483647;
			files = (
			);
			runOnlyForDeploymentPostprocessing = 0;
		};
/* End PBXResourcesBuildPhase section */

/* Begin PBXSourcesBuildPhase section */
		12FB4895196AE76E0026DD51 /* Sources */ = {
			isa = PBXSourcesBuildPhase;
			buildActionMask = 2147483647;
			files = (
				12FB48A1196AE76E0026DD51 /* ViewController.swift in Sources */,
				12FB489F196AE76E0026DD51 /* AppDelegate.swift in Sources */,
			);
			runOnlyForDeploymentPostprocessing = 0;
		};
		12FB48A7196AE76E0026DD51 /* Sources */ = {
			isa = PBXSourcesBuildPhase;
			buildActionMask = 2147483647;
			files = (
				12FB48B2196AE76E0026DD51 /* Nian_iOSTests.swift in Sources */,
			);
			runOnlyForDeploymentPostprocessing = 0;
		};
/* End PBXSourcesBuildPhase section */

/* Begin PBXTargetDependency section */
		12FB48AD196AE76E0026DD51 /* PBXTargetDependency */ = {
			isa = PBXTargetDependency;
			target = 12FB4898196AE76E0026DD51 /* Nian iOS */;
			targetProxy = 12FB48AC196AE76E0026DD51 /* PBXContainerItemProxy */;
		};
/* End PBXTargetDependency section */

/* Begin PBXVariantGroup section */
		12FB48A2196AE76E0026DD51 /* Main.storyboard */ = {
			isa = PBXVariantGroup;
			children = (
				12FB48A3196AE76E0026DD51 /* Base */,
			);
			name = Main.storyboard;
			sourceTree = "<group>";
		};
/* End PBXVariantGroup section */

/* Begin XCBuildConfiguration section */
		12FB48B3196AE76E0026DD51 /* Debug */ = {
			isa = XCBuildConfiguration;
			buildSettings = {
				ALWAYS_SEARCH_USER_PATHS = NO;
				CLANG_CXX_LANGUAGE_STANDARD = "gnu++0x";
				CLANG_CXX_LIBRARY = "libc++";
				CLANG_ENABLE_MODULES = YES;
				CLANG_ENABLE_OBJC_ARC = YES;
				CLANG_WARN_BOOL_CONVERSION = YES;
				CLANG_WARN_CONSTANT_CONVERSION = YES;
				CLANG_WARN_DIRECT_OBJC_ISA_USAGE = YES_ERROR;
				CLANG_WARN_EMPTY_BODY = YES;
				CLANG_WARN_ENUM_CONVERSION = YES;
				CLANG_WARN_INT_CONVERSION = YES;
				CLANG_WARN_OBJC_ROOT_CLASS = YES_ERROR;
				CLANG_WARN_UNREACHABLE_CODE = YES;
				CLANG_WARN__DUPLICATE_METHOD_MATCH = YES;
				"CODE_SIGN_IDENTITY[sdk=iphoneos*]" = "iPhone Developer";
				COPY_PHASE_STRIP = NO;
				ENABLE_STRICT_OBJC_MSGSEND = YES;
				GCC_C_LANGUAGE_STANDARD = gnu99;
				GCC_DYNAMIC_NO_PIC = NO;
				GCC_OPTIMIZATION_LEVEL = 0;
				GCC_PREPROCESSOR_DEFINITIONS = (
					"DEBUG=1",
					"$(inherited)",
				);
				GCC_SYMBOLS_PRIVATE_EXTERN = NO;
				GCC_WARN_64_TO_32_BIT_CONVERSION = YES;
				GCC_WARN_ABOUT_RETURN_TYPE = YES_ERROR;
				GCC_WARN_UNDECLARED_SELECTOR = YES;
				GCC_WARN_UNINITIALIZED_AUTOS = YES_AGGRESSIVE;
				GCC_WARN_UNUSED_FUNCTION = YES;
				GCC_WARN_UNUSED_VARIABLE = YES;
				IPHONEOS_DEPLOYMENT_TARGET = 8.0;
				METAL_ENABLE_DEBUG_INFO = YES;
				ONLY_ACTIVE_ARCH = YES;
				SDKROOT = iphoneos;
				SWIFT_OPTIMIZATION_LEVEL = "-Onone";
			};
			name = Debug;
		};
		12FB48B4196AE76E0026DD51 /* Release */ = {
			isa = XCBuildConfiguration;
			buildSettings = {
				ALWAYS_SEARCH_USER_PATHS = NO;
				CLANG_CXX_LANGUAGE_STANDARD = "gnu++0x";
				CLANG_CXX_LIBRARY = "libc++";
				CLANG_ENABLE_MODULES = YES;
				CLANG_ENABLE_OBJC_ARC = YES;
				CLANG_WARN_BOOL_CONVERSION = YES;
				CLANG_WARN_CONSTANT_CONVERSION = YES;
				CLANG_WARN_DIRECT_OBJC_ISA_USAGE = YES_ERROR;
				CLANG_WARN_EMPTY_BODY = YES;
				CLANG_WARN_ENUM_CONVERSION = YES;
				CLANG_WARN_INT_CONVERSION = YES;
				CLANG_WARN_OBJC_ROOT_CLASS = YES_ERROR;
				CLANG_WARN_UNREACHABLE_CODE = YES;
				CLANG_WARN__DUPLICATE_METHOD_MATCH = YES;
				"CODE_SIGN_IDENTITY[sdk=iphoneos*]" = "iPhone Developer";
				COPY_PHASE_STRIP = YES;
				ENABLE_NS_ASSERTIONS = NO;
				ENABLE_STRICT_OBJC_MSGSEND = YES;
				GCC_C_LANGUAGE_STANDARD = gnu99;
				GCC_WARN_64_TO_32_BIT_CONVERSION = YES;
				GCC_WARN_ABOUT_RETURN_TYPE = YES_ERROR;
				GCC_WARN_UNDECLARED_SELECTOR = YES;
				GCC_WARN_UNINITIALIZED_AUTOS = YES_AGGRESSIVE;
				GCC_WARN_UNUSED_FUNCTION = YES;
				GCC_WARN_UNUSED_VARIABLE = YES;
				IPHONEOS_DEPLOYMENT_TARGET = 8.0;
				METAL_ENABLE_DEBUG_INFO = NO;
				SDKROOT = iphoneos;
				VALIDATE_PRODUCT = YES;
			};
			name = Release;
		};
		12FB48B6196AE76E0026DD51 /* Debug */ = {
			isa = XCBuildConfiguration;
			buildSettings = {
				ASSETCATALOG_COMPILER_APPICON_NAME = AppIcon;
				ASSETCATALOG_COMPILER_LAUNCHIMAGE_NAME = LaunchImage;
				INFOPLIST_FILE = "Nian iOS/Info.plist";
				LD_RUNPATH_SEARCH_PATHS = "$(inherited) @executable_path/Frameworks";
				PRODUCT_NAME = "$(TARGET_NAME)";
			};
			name = Debug;
		};
		12FB48B7196AE76E0026DD51 /* Release */ = {
			isa = XCBuildConfiguration;
			buildSettings = {
				ASSETCATALOG_COMPILER_APPICON_NAME = AppIcon;
				ASSETCATALOG_COMPILER_LAUNCHIMAGE_NAME = LaunchImage;
				INFOPLIST_FILE = "Nian iOS/Info.plist";
				LD_RUNPATH_SEARCH_PATHS = "$(inherited) @executable_path/Frameworks";
				PRODUCT_NAME = "$(TARGET_NAME)";
			};
			name = Release;
		};
		12FB48B9196AE76E0026DD51 /* Debug */ = {
			isa = XCBuildConfiguration;
			buildSettings = {
				BUNDLE_LOADER = "$(BUILT_PRODUCTS_DIR)/Nian iOS.app/Nian iOS";
				FRAMEWORK_SEARCH_PATHS = (
					"$(SDKROOT)/Developer/Library/Frameworks",
					"$(inherited)",
				);
				GCC_PREPROCESSOR_DEFINITIONS = (
					"DEBUG=1",
					"$(inherited)",
				);
				INFOPLIST_FILE = "Nian iOSTests/Info.plist";
				LD_RUNPATH_SEARCH_PATHS = "$(inherited) @executable_path/Frameworks @loader_path/Frameworks";
				METAL_ENABLE_DEBUG_INFO = YES;
				PRODUCT_NAME = "$(TARGET_NAME)";
				TEST_HOST = "$(BUNDLE_LOADER)";
			};
			name = Debug;
		};
		12FB48BA196AE76E0026DD51 /* Release */ = {
			isa = XCBuildConfiguration;
			buildSettings = {
				BUNDLE_LOADER = "$(BUILT_PRODUCTS_DIR)/Nian iOS.app/Nian iOS";
				FRAMEWORK_SEARCH_PATHS = (
					"$(SDKROOT)/Developer/Library/Frameworks",
					"$(inherited)",
				);
				INFOPLIST_FILE = "Nian iOSTests/Info.plist";
				LD_RUNPATH_SEARCH_PATHS = "$(inherited) @executable_path/Frameworks @loader_path/Frameworks";
				METAL_ENABLE_DEBUG_INFO = NO;
				PRODUCT_NAME = "$(TARGET_NAME)";
				TEST_HOST = "$(BUNDLE_LOADER)";
			};
			name = Release;
		};
/* End XCBuildConfiguration section */

/* Begin XCConfigurationList section */
		12FB4894196AE76E0026DD51 /* Build configuration list for PBXProject "Nian iOS" */ = {
			isa = XCConfigurationList;
			buildConfigurations = (
				12FB48B3196AE76E0026DD51 /* Debug */,
				12FB48B4196AE76E0026DD51 /* Release */,
			);
			defaultConfigurationIsVisible = 0;
			defaultConfigurationName = Release;
		};
		12FB48B5196AE76E0026DD51 /* Build configuration list for PBXNativeTarget "Nian iOS" */ = {
			isa = XCConfigurationList;
			buildConfigurations = (
				12FB48B6196AE76E0026DD51 /* Debug */,
				12FB48B7196AE76E0026DD51 /* Release */,
			);
			defaultConfigurationIsVisible = 0;
		};
		12FB48B8196AE76E0026DD51 /* Build configuration list for PBXNativeTarget "Nian iOSTests" */ = {
			isa = XCConfigurationList;
			buildConfigurations = (
				12FB48B9196AE76E0026DD51 /* Debug */,
				12FB48BA196AE76E0026DD51 /* Release */,
			);
			defaultConfigurationIsVisible = 0;
		};
/* End XCConfigurationList section */
	};
	rootObject = 12FB4891196AE76E0026DD51 /* Project object */;
}
