// !$*UTF8*$!
{
	archiveVersion = 1;
	classes = {
	};
	objectVersion = 46;
	objects = {

/* Begin PBXBuildFile section */
		12063C5E19C9A6C500E54003 /* Store.swift in Sources */ = {isa = PBXBuildFile; fileRef = 12063C5D19C9A6C500E54003 /* Store.swift */; };
		12063C6019C9A6D200E54003 /* Store.xib in Resources */ = {isa = PBXBuildFile; fileRef = 12063C5F19C9A6D200E54003 /* Store.xib */; };
		1217A3EA198D358600959AD2 /* SettingsViewController.swift in Sources */ = {isa = PBXBuildFile; fileRef = 1217A3E9198D358600959AD2 /* SettingsViewController.swift */; };
		122D73EA197EB8EB00310C6B /* AddDreamController.swift in Sources */ = {isa = PBXBuildFile; fileRef = 122D73E9197EB8EB00310C6B /* AddDreamController.swift */; };
		1231A06D19B36B7B00BD425F /* AddCommentViewController.swift in Sources */ = {isa = PBXBuildFile; fileRef = 1231A06C19B36B7B00BD425F /* AddCommentViewController.swift */; };
		1231A06F19B36B8F00BD425F /* AddCommentViewController.xib in Resources */ = {isa = PBXBuildFile; fileRef = 1231A06E19B36B8F00BD425F /* AddCommentViewController.xib */; };
		1231A07219B45F3A00BD425F /* User.swift in Sources */ = {isa = PBXBuildFile; fileRef = 1231A07119B45F3A00BD425F /* User.swift */; };
		1231A07419B461F100BD425F /* UserCellTop.swift in Sources */ = {isa = PBXBuildFile; fileRef = 1231A07319B461F100BD425F /* UserCellTop.swift */; };
		1231A07619B461FC00BD425F /* UserCellTop.xib in Resources */ = {isa = PBXBuildFile; fileRef = 1231A07519B461FC00BD425F /* UserCellTop.xib */; };
		1231A07819B463DA00BD425F /* UserCell.swift in Sources */ = {isa = PBXBuildFile; fileRef = 1231A07719B463DA00BD425F /* UserCell.swift */; };
		1231A07A19B463E400BD425F /* UserCell.xib in Resources */ = {isa = PBXBuildFile; fileRef = 1231A07919B463E400BD425F /* UserCell.xib */; };
		1231A07D19B464AD00BD425F /* StepCell.swift in Sources */ = {isa = PBXBuildFile; fileRef = 1231A07C19B464AD00BD425F /* StepCell.swift */; };
		1231A07F19B464B500BD425F /* StepCell.xib in Resources */ = {isa = PBXBuildFile; fileRef = 1231A07E19B464B500BD425F /* StepCell.xib */; };
		123CB05319785B780062BB8A /* NianViewController.swift in Sources */ = {isa = PBXBuildFile; fileRef = 123CB05219785B780062BB8A /* NianViewController.swift */; };
		124F3258197B19EC0070CA4C /* NianViewController.storyboard in Resources */ = {isa = PBXBuildFile; fileRef = 124F3257197B19EC0070CA4C /* NianViewController.storyboard */; };
		1251D61A1975729100F55389 /* RefreshBaseView.swift in Sources */ = {isa = PBXBuildFile; fileRef = 1251D6131975729100F55389 /* RefreshBaseView.swift */; };
		1251D61C1975729100F55389 /* RefreshFooterView.swift in Sources */ = {isa = PBXBuildFile; fileRef = 1251D6151975729100F55389 /* RefreshFooterView.swift */; };
		1251D61D1975729100F55389 /* RefreshHeaderView.swift in Sources */ = {isa = PBXBuildFile; fileRef = 1251D6161975729100F55389 /* RefreshHeaderView.swift */; };
		1251D61E1975729100F55389 /* UIScrollView+Refresh.swift in Sources */ = {isa = PBXBuildFile; fileRef = 1251D6171975729100F55389 /* UIScrollView+Refresh.swift */; };
		1257833519B5F19F008A1B3B /* Like.swift in Sources */ = {isa = PBXBuildFile; fileRef = 1257833419B5F19F008A1B3B /* Like.swift */; };
		1257833719B5F1A8008A1B3B /* LikeCell.swift in Sources */ = {isa = PBXBuildFile; fileRef = 1257833619B5F1A8008A1B3B /* LikeCell.swift */; };
		1257833919B5F1B1008A1B3B /* LikeCell.xib in Resources */ = {isa = PBXBuildFile; fileRef = 1257833819B5F1B1008A1B3B /* LikeCell.xib */; };
		1265282E196C6460005765D2 /* Dream.swift in Sources */ = {isa = PBXBuildFile; fileRef = 1265282D196C6460005765D2 /* Dream.swift */; };
		12652830196C6468005765D2 /* DreamCell.swift in Sources */ = {isa = PBXBuildFile; fileRef = 1265282F196C6468005765D2 /* DreamCell.swift */; };
		12652832196C6474005765D2 /* DreamCell.xib in Resources */ = {isa = PBXBuildFile; fileRef = 12652831196C6474005765D2 /* DreamCell.xib */; };
		12652834196C671E005765D2 /* DreamCellTop.xib in Resources */ = {isa = PBXBuildFile; fileRef = 12652833196C671E005765D2 /* DreamCellTop.xib */; };
		12652836196C673A005765D2 /* DreamCellTop.swift in Sources */ = {isa = PBXBuildFile; fileRef = 12652835196C673A005765D2 /* DreamCellTop.swift */; };
		12652838196C6755005765D2 /* Sapherise.swift in Sources */ = {isa = PBXBuildFile; fileRef = 12652837196C6755005765D2 /* Sapherise.swift */; };
		126593F219CD5CE500884947 /* AddDreamController.xib in Resources */ = {isa = PBXBuildFile; fileRef = 126593F119CD5CE500884947 /* AddDreamController.xib */; };
		1275E4B419A8D02600E2FC4C /* Images.xcassets in Resources */ = {isa = PBXBuildFile; fileRef = 1275E4B319A8D02600E2FC4C /* Images.xcassets */; };
		1282230D19C7E6710002937D /* UpYun.m in Sources */ = {isa = PBXBuildFile; fileRef = 1282230719C7E6710002937D /* UpYun.m */; };
		1282230E19C7E6710002937D /* NSData+Utils.m in Sources */ = {isa = PBXBuildFile; fileRef = 1282230C19C7E6710002937D /* NSData+Utils.m */; };
		1283E2BC19AB81E500A0FB1C /* AddStepViewController.swift in Sources */ = {isa = PBXBuildFile; fileRef = 1283E2BB19AB81E500A0FB1C /* AddStepViewController.swift */; };
		1283E2BE19AB81EF00A0FB1C /* AddStepViewController.xib in Resources */ = {isa = PBXBuildFile; fileRef = 1283E2BD19AB81EF00A0FB1C /* AddStepViewController.xib */; };
		1291D59819BE0C55009F45F6 /* Welcome.swift in Sources */ = {isa = PBXBuildFile; fileRef = 1291D59719BE0C55009F45F6 /* Welcome.swift */; };
		12941A0119CFA8650008B274 /* AddBBSController.swift in Sources */ = {isa = PBXBuildFile; fileRef = 12941A0019CFA8650008B274 /* AddBBSController.swift */; };
		12941A0319CFA87C0008B274 /* AddBBSController.xib in Resources */ = {isa = PBXBuildFile; fileRef = 12941A0219CFA87C0008B274 /* AddBBSController.xib */; };
		12960F6D19BF230100CB973E /* Sign.swift in Sources */ = {isa = PBXBuildFile; fileRef = 12960F6C19BF230100CB973E /* Sign.swift */; };
		12960F6F19BF230900CB973E /* Sign.xib in Resources */ = {isa = PBXBuildFile; fileRef = 12960F6E19BF230900CB973E /* Sign.xib */; };
		12960F7119BF2E3B00CB973E /* SignNext.swift in Sources */ = {isa = PBXBuildFile; fileRef = 12960F7019BF2E3B00CB973E /* SignNext.swift */; };
		12960F7319BF2E4500CB973E /* SignNext.xib in Resources */ = {isa = PBXBuildFile; fileRef = 12960F7219BF2E4500CB973E /* SignNext.xib */; };
		12A4910B198EB56D000B6D5E /* Me.swift in Sources */ = {isa = PBXBuildFile; fileRef = 12A4910A198EB56D000B6D5E /* Me.swift */; };
		12A4910D198EB577000B6D5E /* MeCell.swift in Sources */ = {isa = PBXBuildFile; fileRef = 12A4910C198EB577000B6D5E /* MeCell.swift */; };
		12A4910F198EB580000B6D5E /* MeCell.xib in Resources */ = {isa = PBXBuildFile; fileRef = 12A4910E198EB580000B6D5E /* MeCell.xib */; };
		12BE103B19C5EBEA00370348 /* AddBBSComment.swift in Sources */ = {isa = PBXBuildFile; fileRef = 12BE103A19C5EBEA00370348 /* AddBBSComment.swift */; };
		12BE103D19C5EBF500370348 /* AddBBSComment.xib in Resources */ = {isa = PBXBuildFile; fileRef = 12BE103C19C5EBF500370348 /* AddBBSComment.xib */; };
		12BE103F19C6055300370348 /* Help.swift in Sources */ = {isa = PBXBuildFile; fileRef = 12BE103E19C6055300370348 /* Help.swift */; };
		12BF5FF819BB478300DE0ABE /* Login.swift in Sources */ = {isa = PBXBuildFile; fileRef = 12BF5FF719BB478300DE0ABE /* Login.swift */; };
		12BF5FFA19BB479A00DE0ABE /* Login.xib in Resources */ = {isa = PBXBuildFile; fileRef = 12BF5FF919BB479900DE0ABE /* Login.xib */; };
		12BF5FFE19BB5E2100DE0ABE /* SettingsViewController.xib in Resources */ = {isa = PBXBuildFile; fileRef = 12BF5FFD19BB5E2100DE0ABE /* SettingsViewController.xib */; };
		12CDE5D019AC9FC1002E793F /* SAImageViewController.swift in Sources */ = {isa = PBXBuildFile; fileRef = 12CDE5CF19AC9FC1002E793F /* SAImageViewController.swift */; };
		12CDE5D219ACA58E002E793F /* SAImageZoomingView.swift in Sources */ = {isa = PBXBuildFile; fileRef = 12CDE5D119ACA58E002E793F /* SAImageZoomingView.swift */; };
		12DE696519D130940006B5B5 /* Care.swift in Sources */ = {isa = PBXBuildFile; fileRef = 12DE696419D130940006B5B5 /* Care.swift */; };
		12E4939919953DBB00F8DF32 /* CommentCell.xib in Resources */ = {isa = PBXBuildFile; fileRef = 12E4939819953DBB00F8DF32 /* CommentCell.xib */; };
		12E4939B19953DCC00F8DF32 /* CommentCell.swift in Sources */ = {isa = PBXBuildFile; fileRef = 12E4939A19953DCC00F8DF32 /* CommentCell.swift */; };
		12E553FE19A37FC900FCB2D1 /* Explore.swift in Sources */ = {isa = PBXBuildFile; fileRef = 12E553FD19A37FC900FCB2D1 /* Explore.swift */; };
		12E5540019A3813B00FCB2D1 /* ExploreTop.swift in Sources */ = {isa = PBXBuildFile; fileRef = 12E553FF19A3813B00FCB2D1 /* ExploreTop.swift */; };
		12E5540219A3814400FCB2D1 /* ExploreTop.xib in Resources */ = {isa = PBXBuildFile; fileRef = 12E5540119A3814400FCB2D1 /* ExploreTop.xib */; };
		12E5540419A395B500FCB2D1 /* GroupCell.swift in Sources */ = {isa = PBXBuildFile; fileRef = 12E5540319A395B500FCB2D1 /* GroupCell.swift */; };
		12E5540619A395BF00FCB2D1 /* GroupCell.xib in Resources */ = {isa = PBXBuildFile; fileRef = 12E5540519A395BF00FCB2D1 /* GroupCell.xib */; };
		12E5540919A399CF00FCB2D1 /* ExploreDreamCell.swift in Sources */ = {isa = PBXBuildFile; fileRef = 12E5540819A399CF00FCB2D1 /* ExploreDreamCell.swift */; };
		12E5540B19A399D900FCB2D1 /* ExploreDreamCell.xib in Resources */ = {isa = PBXBuildFile; fileRef = 12E5540A19A399D900FCB2D1 /* ExploreDreamCell.xib */; };
		12ECFC9919B8B58B00CF1F98 /* BBS.swift in Sources */ = {isa = PBXBuildFile; fileRef = 12ECFC9819B8B58B00CF1F98 /* BBS.swift */; };
		12ECFC9B19B8B59C00CF1F98 /* BBSCell.xib in Resources */ = {isa = PBXBuildFile; fileRef = 12ECFC9A19B8B59C00CF1F98 /* BBSCell.xib */; };
		12ECFC9D19B8B5AF00CF1F98 /* BBSCell.swift in Sources */ = {isa = PBXBuildFile; fileRef = 12ECFC9C19B8B5AF00CF1F98 /* BBSCell.swift */; };
		12ECFC9F19B8B5BF00CF1F98 /* BBSCellTop.swift in Sources */ = {isa = PBXBuildFile; fileRef = 12ECFC9E19B8B5BF00CF1F98 /* BBSCellTop.swift */; };
		12ECFCA119B8B5D200CF1F98 /* BBSCellTop.xib in Resources */ = {isa = PBXBuildFile; fileRef = 12ECFCA019B8B5D200CF1F98 /* BBSCellTop.xib */; };
		12FB489F196AE76E0026DD51 /* AppDelegate.swift in Sources */ = {isa = PBXBuildFile; fileRef = 12FB489E196AE76E0026DD51 /* AppDelegate.swift */; };
		12FB48BC196AE7A20026DD51 /* Home.swift in Sources */ = {isa = PBXBuildFile; fileRef = 12FB48BB196AE7A20026DD51 /* Home.swift */; };
		12FB48C4196AE8010026DD51 /* FileUtility.swift in Sources */ = {isa = PBXBuildFile; fileRef = 12FB48BE196AE8010026DD51 /* FileUtility.swift */; };
		12FB48C5196AE8010026DD51 /* NSDictionaryExt.swift in Sources */ = {isa = PBXBuildFile; fileRef = 12FB48BF196AE8010026DD51 /* NSDictionaryExt.swift */; };
		12FB48C6196AE8010026DD51 /* NSStringExt.swift in Sources */ = {isa = PBXBuildFile; fileRef = 12FB48C0196AE8010026DD51 /* NSStringExt.swift */; };
		12FB48C7196AE8010026DD51 /* UIImageViewWebExt.swift in Sources */ = {isa = PBXBuildFile; fileRef = 12FB48C1196AE8010026DD51 /* UIImageViewWebExt.swift */; };
		12FB48C8196AE8010026DD51 /* UIViewExt.swift in Sources */ = {isa = PBXBuildFile; fileRef = 12FB48C2196AE8010026DD51 /* UIViewExt.swift */; };
		12FB48C9196AE8010026DD51 /* SAHttpRequest.swift in Sources */ = {isa = PBXBuildFile; fileRef = 12FB48C3196AE8010026DD51 /* SAHttpRequest.swift */; };
		12FB48CB196AE9670026DD51 /* Follow.swift in Sources */ = {isa = PBXBuildFile; fileRef = 12FB48CA196AE9670026DD51 /* Follow.swift */; };
		12FB48D4196AEAB90026DD51 /* FollowCell.xib in Resources */ = {isa = PBXBuildFile; fileRef = 12FB48D3196AEAB90026DD51 /* FollowCell.xib */; };
		12FB48D6196AEAC50026DD51 /* FollowCell.swift in Sources */ = {isa = PBXBuildFile; fileRef = 12FB48D5196AEAC50026DD51 /* FollowCell.swift */; };
		12FECE2719CA7999007EF159 /* Reachability.m in Sources */ = {isa = PBXBuildFile; fileRef = 12FECE2619CA7999007EF159 /* Reachability.m */; };
		CBCDE2AD5EB046E3A271424B /* libPods-Nian iOS.a in Frameworks */ = {isa = PBXBuildFile; fileRef = 338AD568AEBB4BDB888A882D /* libPods-Nian iOS.a */; };
/* End PBXBuildFile section */

/* Begin PBXContainerItemProxy section */
		12FB48AC196AE76E0026DD51 /* PBXContainerItemProxy */ = {
			isa = PBXContainerItemProxy;
			containerPortal = 12FB4891196AE76E0026DD51 /* Project object */;
			proxyType = 1;
			remoteGlobalIDString = 12FB4898196AE76E0026DD51;
			remoteInfo = "Nian iOS";
		};
/* End PBXContainerItemProxy section */

/* Begin PBXFileReference section */
		12063C5D19C9A6C500E54003 /* Store.swift */ = {isa = PBXFileReference; fileEncoding = 4; lastKnownFileType = sourcecode.swift; path = Store.swift; sourceTree = "<group>"; };
		12063C5F19C9A6D200E54003 /* Store.xib */ = {isa = PBXFileReference; fileEncoding = 4; lastKnownFileType = file.xib; path = Store.xib; sourceTree = "<group>"; };
		1217A3E9198D358600959AD2 /* SettingsViewController.swift */ = {isa = PBXFileReference; fileEncoding = 4; lastKnownFileType = sourcecode.swift; path = SettingsViewController.swift; sourceTree = "<group>"; };
		122D73E9197EB8EB00310C6B /* AddDreamController.swift */ = {isa = PBXFileReference; fileEncoding = 4; lastKnownFileType = sourcecode.swift; path = AddDreamController.swift; sourceTree = "<group>"; };
		1231A06C19B36B7B00BD425F /* AddCommentViewController.swift */ = {isa = PBXFileReference; fileEncoding = 4; lastKnownFileType = sourcecode.swift; path = AddCommentViewController.swift; sourceTree = "<group>"; };
		1231A06E19B36B8F00BD425F /* AddCommentViewController.xib */ = {isa = PBXFileReference; fileEncoding = 4; lastKnownFileType = file.xib; path = AddCommentViewController.xib; sourceTree = "<group>"; };
		1231A07119B45F3A00BD425F /* User.swift */ = {isa = PBXFileReference; fileEncoding = 4; lastKnownFileType = sourcecode.swift; path = User.swift; sourceTree = "<group>"; };
		1231A07319B461F100BD425F /* UserCellTop.swift */ = {isa = PBXFileReference; fileEncoding = 4; lastKnownFileType = sourcecode.swift; path = UserCellTop.swift; sourceTree = "<group>"; };
		1231A07519B461FC00BD425F /* UserCellTop.xib */ = {isa = PBXFileReference; fileEncoding = 4; lastKnownFileType = file.xib; path = UserCellTop.xib; sourceTree = "<group>"; };
		1231A07719B463DA00BD425F /* UserCell.swift */ = {isa = PBXFileReference; fileEncoding = 4; lastKnownFileType = sourcecode.swift; path = UserCell.swift; sourceTree = "<group>"; };
		1231A07919B463E400BD425F /* UserCell.xib */ = {isa = PBXFileReference; fileEncoding = 4; lastKnownFileType = file.xib; path = UserCell.xib; sourceTree = "<group>"; };
		1231A07C19B464AD00BD425F /* StepCell.swift */ = {isa = PBXFileReference; fileEncoding = 4; lastKnownFileType = sourcecode.swift; path = StepCell.swift; sourceTree = "<group>"; };
		1231A07E19B464B500BD425F /* StepCell.xib */ = {isa = PBXFileReference; fileEncoding = 4; lastKnownFileType = file.xib; path = StepCell.xib; sourceTree = "<group>"; };
		123CB05219785B780062BB8A /* NianViewController.swift */ = {isa = PBXFileReference; fileEncoding = 4; lastKnownFileType = sourcecode.swift; path = NianViewController.swift; sourceTree = "<group>"; };
		124F3257197B19EC0070CA4C /* NianViewController.storyboard */ = {isa = PBXFileReference; fileEncoding = 4; lastKnownFileType = file.storyboard; path = NianViewController.storyboard; sourceTree = "<group>"; };
		1251D6131975729100F55389 /* RefreshBaseView.swift */ = {isa = PBXFileReference; fileEncoding = 4; lastKnownFileType = sourcecode.swift; path = RefreshBaseView.swift; sourceTree = "<group>"; };
		1251D6151975729100F55389 /* RefreshFooterView.swift */ = {isa = PBXFileReference; fileEncoding = 4; lastKnownFileType = sourcecode.swift; path = RefreshFooterView.swift; sourceTree = "<group>"; };
		1251D6161975729100F55389 /* RefreshHeaderView.swift */ = {isa = PBXFileReference; fileEncoding = 4; lastKnownFileType = sourcecode.swift; path = RefreshHeaderView.swift; sourceTree = "<group>"; };
		1251D6171975729100F55389 /* UIScrollView+Refresh.swift */ = {isa = PBXFileReference; fileEncoding = 4; lastKnownFileType = sourcecode.swift; path = "UIScrollView+Refresh.swift"; sourceTree = "<group>"; };
		1257833419B5F19F008A1B3B /* Like.swift */ = {isa = PBXFileReference; fileEncoding = 4; lastKnownFileType = sourcecode.swift; path = Like.swift; sourceTree = "<group>"; };
		1257833619B5F1A8008A1B3B /* LikeCell.swift */ = {isa = PBXFileReference; fileEncoding = 4; lastKnownFileType = sourcecode.swift; path = LikeCell.swift; sourceTree = "<group>"; };
		1257833819B5F1B1008A1B3B /* LikeCell.xib */ = {isa = PBXFileReference; fileEncoding = 4; lastKnownFileType = file.xib; path = LikeCell.xib; sourceTree = "<group>"; };
		1265282D196C6460005765D2 /* Dream.swift */ = {isa = PBXFileReference; fileEncoding = 4; lastKnownFileType = sourcecode.swift; path = Dream.swift; sourceTree = "<group>"; };
		1265282F196C6468005765D2 /* DreamCell.swift */ = {isa = PBXFileReference; fileEncoding = 4; lastKnownFileType = sourcecode.swift; path = DreamCell.swift; sourceTree = "<group>"; };
		12652831196C6474005765D2 /* DreamCell.xib */ = {isa = PBXFileReference; fileEncoding = 4; lastKnownFileType = file.xib; path = DreamCell.xib; sourceTree = "<group>"; };
		12652833196C671E005765D2 /* DreamCellTop.xib */ = {isa = PBXFileReference; fileEncoding = 4; lastKnownFileType = file.xib; path = DreamCellTop.xib; sourceTree = "<group>"; };
		12652835196C673A005765D2 /* DreamCellTop.swift */ = {isa = PBXFileReference; fileEncoding = 4; lastKnownFileType = sourcecode.swift; path = DreamCellTop.swift; sourceTree = "<group>"; };
		12652837196C6755005765D2 /* Sapherise.swift */ = {isa = PBXFileReference; fileEncoding = 4; lastKnownFileType = sourcecode.swift; path = Sapherise.swift; sourceTree = "<group>"; };
		126593F119CD5CE500884947 /* AddDreamController.xib */ = {isa = PBXFileReference; fileEncoding = 4; lastKnownFileType = file.xib; path = AddDreamController.xib; sourceTree = "<group>"; };
		12711EB619C09CC1007F98BB /* Nian iOS-Bridging-Header.h */ = {isa = PBXFileReference; lastKnownFileType = sourcecode.c.h; name = "Nian iOS-Bridging-Header.h"; path = "../Nian iOS-Bridging-Header.h"; sourceTree = "<group>"; };
		1275E4B319A8D02600E2FC4C /* Images.xcassets */ = {isa = PBXFileReference; lastKnownFileType = folder.assetcatalog; name = Images.xcassets; path = "Nian iOS/Images.xcassets"; sourceTree = "<group>"; };
		1282230619C7E6710002937D /* UpYun.h */ = {isa = PBXFileReference; fileEncoding = 4; lastKnownFileType = sourcecode.c.h; path = UpYun.h; sourceTree = "<group>"; };
		1282230719C7E6710002937D /* UpYun.m */ = {isa = PBXFileReference; fileEncoding = 4; lastKnownFileType = sourcecode.c.objc; path = UpYun.m; sourceTree = "<group>"; };
		1282230819C7E6710002937D /* UpYunSDK2.0-Prefix.pch */ = {isa = PBXFileReference; fileEncoding = 4; lastKnownFileType = sourcecode.c.h; path = "UpYunSDK2.0-Prefix.pch"; sourceTree = "<group>"; };
		1282230B19C7E6710002937D /* NSData+Utils.h */ = {isa = PBXFileReference; fileEncoding = 4; lastKnownFileType = sourcecode.c.h; path = "NSData+Utils.h"; sourceTree = "<group>"; };
		1282230C19C7E6710002937D /* NSData+Utils.m */ = {isa = PBXFileReference; fileEncoding = 4; lastKnownFileType = sourcecode.c.objc; path = "NSData+Utils.m"; sourceTree = "<group>"; };
		1283E2BB19AB81E500A0FB1C /* AddStepViewController.swift */ = {isa = PBXFileReference; fileEncoding = 4; lastKnownFileType = sourcecode.swift; path = AddStepViewController.swift; sourceTree = "<group>"; };
		1283E2BD19AB81EF00A0FB1C /* AddStepViewController.xib */ = {isa = PBXFileReference; fileEncoding = 4; lastKnownFileType = file.xib; path = AddStepViewController.xib; sourceTree = "<group>"; };
		1291D59719BE0C55009F45F6 /* Welcome.swift */ = {isa = PBXFileReference; fileEncoding = 4; lastKnownFileType = sourcecode.swift; path = Welcome.swift; sourceTree = "<group>"; };
		12941A0019CFA8650008B274 /* AddBBSController.swift */ = {isa = PBXFileReference; fileEncoding = 4; lastKnownFileType = sourcecode.swift; path = AddBBSController.swift; sourceTree = "<group>"; };
		12941A0219CFA87C0008B274 /* AddBBSController.xib */ = {isa = PBXFileReference; fileEncoding = 4; lastKnownFileType = file.xib; path = AddBBSController.xib; sourceTree = "<group>"; };
		12960F6C19BF230100CB973E /* Sign.swift */ = {isa = PBXFileReference; fileEncoding = 4; lastKnownFileType = sourcecode.swift; path = Sign.swift; sourceTree = "<group>"; };
		12960F6E19BF230900CB973E /* Sign.xib */ = {isa = PBXFileReference; fileEncoding = 4; lastKnownFileType = file.xib; path = Sign.xib; sourceTree = "<group>"; };
		12960F7019BF2E3B00CB973E /* SignNext.swift */ = {isa = PBXFileReference; fileEncoding = 4; lastKnownFileType = sourcecode.swift; path = SignNext.swift; sourceTree = "<group>"; };
		12960F7219BF2E4500CB973E /* SignNext.xib */ = {isa = PBXFileReference; fileEncoding = 4; lastKnownFileType = file.xib; path = SignNext.xib; sourceTree = "<group>"; };
		12A4910A198EB56D000B6D5E /* Me.swift */ = {isa = PBXFileReference; fileEncoding = 4; lastKnownFileType = sourcecode.swift; path = Me.swift; sourceTree = "<group>"; };
		12A4910C198EB577000B6D5E /* MeCell.swift */ = {isa = PBXFileReference; fileEncoding = 4; lastKnownFileType = sourcecode.swift; path = MeCell.swift; sourceTree = "<group>"; };
		12A4910E198EB580000B6D5E /* MeCell.xib */ = {isa = PBXFileReference; fileEncoding = 4; lastKnownFileType = file.xib; path = MeCell.xib; sourceTree = "<group>"; };
		12BE103A19C5EBEA00370348 /* AddBBSComment.swift */ = {isa = PBXFileReference; fileEncoding = 4; lastKnownFileType = sourcecode.swift; path = AddBBSComment.swift; sourceTree = "<group>"; };
		12BE103C19C5EBF500370348 /* AddBBSComment.xib */ = {isa = PBXFileReference; fileEncoding = 4; lastKnownFileType = file.xib; path = AddBBSComment.xib; sourceTree = "<group>"; };
		12BE103E19C6055300370348 /* Help.swift */ = {isa = PBXFileReference; fileEncoding = 4; lastKnownFileType = sourcecode.swift; path = Help.swift; sourceTree = "<group>"; };
		12BF5FF719BB478300DE0ABE /* Login.swift */ = {isa = PBXFileReference; fileEncoding = 4; lastKnownFileType = sourcecode.swift; path = Login.swift; sourceTree = "<group>"; };
		12BF5FF919BB479900DE0ABE /* Login.xib */ = {isa = PBXFileReference; fileEncoding = 4; lastKnownFileType = file.xib; path = Login.xib; sourceTree = "<group>"; };
		12BF5FFD19BB5E2100DE0ABE /* SettingsViewController.xib */ = {isa = PBXFileReference; fileEncoding = 4; lastKnownFileType = file.xib; path = SettingsViewController.xib; sourceTree = "<group>"; };
		12CDE5CF19AC9FC1002E793F /* SAImageViewController.swift */ = {isa = PBXFileReference; fileEncoding = 4; lastKnownFileType = sourcecode.swift; path = SAImageViewController.swift; sourceTree = "<group>"; };
		12CDE5D119ACA58E002E793F /* SAImageZoomingView.swift */ = {isa = PBXFileReference; fileEncoding = 4; lastKnownFileType = sourcecode.swift; path = SAImageZoomingView.swift; sourceTree = "<group>"; };
		12DE696419D130940006B5B5 /* Care.swift */ = {isa = PBXFileReference; fileEncoding = 4; lastKnownFileType = sourcecode.swift; path = Care.swift; sourceTree = "<group>"; };
		12DE699419D198C40006B5B5 /* CoreText.framework */ = {isa = PBXFileReference; lastKnownFileType = wrapper.framework; name = CoreText.framework; path = System/Library/Frameworks/CoreText.framework; sourceTree = SDKROOT; };
		12E4939819953DBB00F8DF32 /* CommentCell.xib */ = {isa = PBXFileReference; fileEncoding = 4; lastKnownFileType = file.xib; path = CommentCell.xib; sourceTree = "<group>"; };
		12E4939A19953DCC00F8DF32 /* CommentCell.swift */ = {isa = PBXFileReference; fileEncoding = 4; lastKnownFileType = sourcecode.swift; path = CommentCell.swift; sourceTree = "<group>"; };
		12E553FD19A37FC900FCB2D1 /* Explore.swift */ = {isa = PBXFileReference; fileEncoding = 4; lastKnownFileType = sourcecode.swift; path = Explore.swift; sourceTree = "<group>"; };
		12E553FF19A3813B00FCB2D1 /* ExploreTop.swift */ = {isa = PBXFileReference; fileEncoding = 4; lastKnownFileType = sourcecode.swift; path = ExploreTop.swift; sourceTree = "<group>"; };
		12E5540119A3814400FCB2D1 /* ExploreTop.xib */ = {isa = PBXFileReference; fileEncoding = 4; lastKnownFileType = file.xib; path = ExploreTop.xib; sourceTree = "<group>"; };
		12E5540319A395B500FCB2D1 /* GroupCell.swift */ = {isa = PBXFileReference; fileEncoding = 4; lastKnownFileType = sourcecode.swift; path = GroupCell.swift; sourceTree = "<group>"; };
		12E5540519A395BF00FCB2D1 /* GroupCell.xib */ = {isa = PBXFileReference; fileEncoding = 4; lastKnownFileType = file.xib; path = GroupCell.xib; sourceTree = "<group>"; };
		12E5540819A399CF00FCB2D1 /* ExploreDreamCell.swift */ = {isa = PBXFileReference; fileEncoding = 4; lastKnownFileType = sourcecode.swift; path = ExploreDreamCell.swift; sourceTree = "<group>"; };
		12E5540A19A399D900FCB2D1 /* ExploreDreamCell.xib */ = {isa = PBXFileReference; fileEncoding = 4; lastKnownFileType = file.xib; name = ExploreDreamCell.xib; path = "Nian iOS/ExploreDreamCell.xib"; sourceTree = SOURCE_ROOT; };
		12ECFC9819B8B58B00CF1F98 /* BBS.swift */ = {isa = PBXFileReference; fileEncoding = 4; lastKnownFileType = sourcecode.swift; path = BBS.swift; sourceTree = "<group>"; };
		12ECFC9A19B8B59C00CF1F98 /* BBSCell.xib */ = {isa = PBXFileReference; fileEncoding = 4; lastKnownFileType = file.xib; path = BBSCell.xib; sourceTree = "<group>"; };
		12ECFC9C19B8B5AF00CF1F98 /* BBSCell.swift */ = {isa = PBXFileReference; fileEncoding = 4; lastKnownFileType = sourcecode.swift; path = BBSCell.swift; sourceTree = "<group>"; };
		12ECFC9E19B8B5BF00CF1F98 /* BBSCellTop.swift */ = {isa = PBXFileReference; fileEncoding = 4; lastKnownFileType = sourcecode.swift; path = BBSCellTop.swift; sourceTree = "<group>"; };
		12ECFCA019B8B5D200CF1F98 /* BBSCellTop.xib */ = {isa = PBXFileReference; fileEncoding = 4; lastKnownFileType = file.xib; path = BBSCellTop.xib; sourceTree = "<group>"; };
		12FB4899196AE76E0026DD51 /* Nian iOS.app */ = {isa = PBXFileReference; explicitFileType = wrapper.application; includeInIndex = 0; path = "Nian iOS.app"; sourceTree = BUILT_PRODUCTS_DIR; };
		12FB489D196AE76E0026DD51 /* Info.plist */ = {isa = PBXFileReference; lastKnownFileType = text.plist.xml; path = Info.plist; sourceTree = "<group>"; };
		12FB489E196AE76E0026DD51 /* AppDelegate.swift */ = {isa = PBXFileReference; lastKnownFileType = sourcecode.swift; path = AppDelegate.swift; sourceTree = "<group>"; };
		12FB48AB196AE76E0026DD51 /* Nian iOSTests.xctest */ = {isa = PBXFileReference; explicitFileType = wrapper.cfbundle; includeInIndex = 0; path = "Nian iOSTests.xctest"; sourceTree = BUILT_PRODUCTS_DIR; };
		12FB48BB196AE7A20026DD51 /* Home.swift */ = {isa = PBXFileReference; fileEncoding = 4; lastKnownFileType = sourcecode.swift; path = Home.swift; sourceTree = "<group>"; };
		12FB48BE196AE8010026DD51 /* FileUtility.swift */ = {isa = PBXFileReference; fileEncoding = 4; lastKnownFileType = sourcecode.swift; path = FileUtility.swift; sourceTree = "<group>"; };
		12FB48BF196AE8010026DD51 /* NSDictionaryExt.swift */ = {isa = PBXFileReference; fileEncoding = 4; lastKnownFileType = sourcecode.swift; path = NSDictionaryExt.swift; sourceTree = "<group>"; };
		12FB48C0196AE8010026DD51 /* NSStringExt.swift */ = {isa = PBXFileReference; fileEncoding = 4; lastKnownFileType = sourcecode.swift; path = NSStringExt.swift; sourceTree = "<group>"; };
		12FB48C1196AE8010026DD51 /* UIImageViewWebExt.swift */ = {isa = PBXFileReference; fileEncoding = 4; lastKnownFileType = sourcecode.swift; path = UIImageViewWebExt.swift; sourceTree = "<group>"; };
		12FB48C2196AE8010026DD51 /* UIViewExt.swift */ = {isa = PBXFileReference; fileEncoding = 4; lastKnownFileType = sourcecode.swift; path = UIViewExt.swift; sourceTree = "<group>"; };
		12FB48C3196AE8010026DD51 /* SAHttpRequest.swift */ = {isa = PBXFileReference; fileEncoding = 4; lastKnownFileType = sourcecode.swift; path = SAHttpRequest.swift; sourceTree = "<group>"; };
		12FB48CA196AE9670026DD51 /* Follow.swift */ = {isa = PBXFileReference; fileEncoding = 4; lastKnownFileType = sourcecode.swift; path = Follow.swift; sourceTree = "<group>"; };
		12FB48D3196AEAB90026DD51 /* FollowCell.xib */ = {isa = PBXFileReference; fileEncoding = 4; lastKnownFileType = file.xib; path = FollowCell.xib; sourceTree = "<group>"; };
		12FB48D5196AEAC50026DD51 /* FollowCell.swift */ = {isa = PBXFileReference; fileEncoding = 4; lastKnownFileType = sourcecode.swift; path = FollowCell.swift; sourceTree = "<group>"; };
		12FECE2519CA7990007EF159 /* Reachability.h */ = {isa = PBXFileReference; lastKnownFileType = sourcecode.c.h; path = Reachability.h; sourceTree = "<group>"; };
		12FECE2619CA7999007EF159 /* Reachability.m */ = {isa = PBXFileReference; fileEncoding = 4; lastKnownFileType = sourcecode.c.objc; path = Reachability.m; sourceTree = "<group>"; };
		338AD568AEBB4BDB888A882D /* libPods-Nian iOS.a */ = {isa = PBXFileReference; explicitFileType = archive.ar; includeInIndex = 0; path = "libPods-Nian iOS.a"; sourceTree = BUILT_PRODUCTS_DIR; };
		C48C5D02F4C145FDB6622FE5 /* Pods-Nian iOS.xcconfig */ = {isa = PBXFileReference; includeInIndex = 1; lastKnownFileType = text.xcconfig; name = "Pods-Nian iOS.xcconfig"; path = "../Pods/Pods-Nian iOS.xcconfig"; sourceTree = "<group>"; };
/* End PBXFileReference section */

/* Begin PBXFrameworksBuildPhase section */
		12FB4896196AE76E0026DD51 /* Frameworks */ = {
			isa = PBXFrameworksBuildPhase;
			buildActionMask = 2147483647;
			files = (
				CBCDE2AD5EB046E3A271424B /* libPods-Nian iOS.a in Frameworks */,
			);
			runOnlyForDeploymentPostprocessing = 0;
		};
		12FB48A8196AE76E0026DD51 /* Frameworks */ = {
			isa = PBXFrameworksBuildPhase;
			buildActionMask = 2147483647;
			files = (
			);
			runOnlyForDeploymentPostprocessing = 0;
		};
/* End PBXFrameworksBuildPhase section */

/* Begin PBXGroup section */
		1205298C196B186B00E7509D /* 梦想 */ = {
			isa = PBXGroup;
			children = (
				1265282D196C6460005765D2 /* Dream.swift */,
				1265282F196C6468005765D2 /* DreamCell.swift */,
				12652831196C6474005765D2 /* DreamCell.xib */,
				12652835196C673A005765D2 /* DreamCellTop.swift */,
				12652833196C671E005765D2 /* DreamCellTop.xib */,
				12E4939C19953DD600F8DF32 /* 回应 */,
			);
			name = "梦想";
			sourceTree = "<group>";
		};
		12063C5C19C9A6B400E54003 /* 念铺 */ = {
			isa = PBXGroup;
			children = (
				12063C5D19C9A6C500E54003 /* Store.swift */,
				12063C5F19C9A6D200E54003 /* Store.xib */,
			);
			name = "念铺";
			sourceTree = "<group>";
		};
		122D73E8197EB8CD00310C6B /* 更新梦想 */ = {
			isa = PBXGroup;
			children = (
				122D73E9197EB8EB00310C6B /* AddDreamController.swift */,
				126593F119CD5CE500884947 /* AddDreamController.xib */,
			);
			name = "更新梦想";
			sourceTree = "<group>";
		};
		1231A06B19B36B6200BD425F /* 更新回应 */ = {
			isa = PBXGroup;
			children = (
				1231A06C19B36B7B00BD425F /* AddCommentViewController.swift */,
				1231A06E19B36B8F00BD425F /* AddCommentViewController.xib */,
			);
			name = "更新回应";
			sourceTree = "<group>";
		};
		1231A07019B45A9E00BD425F /* 用户 */ = {
			isa = PBXGroup;
			children = (
				1231A07119B45F3A00BD425F /* User.swift */,
				1231A07319B461F100BD425F /* UserCellTop.swift */,
				1231A07519B461FC00BD425F /* UserCellTop.xib */,
				1231A07719B463DA00BD425F /* UserCell.swift */,
				1231A07919B463E400BD425F /* UserCell.xib */,
				1231A07B19B4649000BD425F /* 用户梦想 */,
			);
			name = "用户";
			sourceTree = "<group>";
		};
		1231A07B19B4649000BD425F /* 用户梦想 */ = {
			isa = PBXGroup;
			children = (
				1231A07C19B464AD00BD425F /* StepCell.swift */,
				1231A07E19B464B500BD425F /* StepCell.xib */,
			);
			name = "用户梦想";
			sourceTree = "<group>";
		};
		123CB05119785B610062BB8A /* 首页 */ = {
			isa = PBXGroup;
			children = (
				123CB05219785B780062BB8A /* NianViewController.swift */,
				124F3257197B19EC0070CA4C /* NianViewController.storyboard */,
			);
			name = "首页";
			sourceTree = "<group>";
		};
		1251D6101975729100F55389 /* Refresh */ = {
			isa = PBXGroup;
			children = (
				1251D6131975729100F55389 /* RefreshBaseView.swift */,
				1251D6151975729100F55389 /* RefreshFooterView.swift */,
				1251D6161975729100F55389 /* RefreshHeaderView.swift */,
				1251D6171975729100F55389 /* UIScrollView+Refresh.swift */,
			);
			path = Refresh;
			sourceTree = "<group>";
		};
		1257833319B5F183008A1B3B /* 点赞 */ = {
			isa = PBXGroup;
			children = (
				1257833419B5F19F008A1B3B /* Like.swift */,
				1257833619B5F1A8008A1B3B /* LikeCell.swift */,
				1257833819B5F1B1008A1B3B /* LikeCell.xib */,
			);
			name = "点赞";
			sourceTree = "<group>";
		};
		1282230519C7E6710002937D /* upyun */ = {
			isa = PBXGroup;
			children = (
				1282230619C7E6710002937D /* UpYun.h */,
				1282230719C7E6710002937D /* UpYun.m */,
				1282230819C7E6710002937D /* UpYunSDK2.0-Prefix.pch */,
				1282230919C7E6710002937D /* Utils */,
			);
			name = upyun;
			path = ../../upyun;
			sourceTree = "<group>";
		};
		1282230919C7E6710002937D /* Utils */ = {
			isa = PBXGroup;
			children = (
				1282230A19C7E6710002937D /* Data */,
			);
			path = Utils;
			sourceTree = "<group>";
		};
		1282230A19C7E6710002937D /* Data */ = {
			isa = PBXGroup;
			children = (
				1282230B19C7E6710002937D /* NSData+Utils.h */,
				1282230C19C7E6710002937D /* NSData+Utils.m */,
			);
			path = Data;
			sourceTree = "<group>";
		};
		1291D59619BE0C39009F45F6 /* 欢迎页 */ = {
			isa = PBXGroup;
			children = (
				1291D59719BE0C55009F45F6 /* Welcome.swift */,
			);
			name = "欢迎页";
			sourceTree = "<group>";
		};
		129419FF19CFA8480008B274 /* 更新广场 */ = {
			isa = PBXGroup;
			children = (
				12941A0019CFA8650008B274 /* AddBBSController.swift */,
				12941A0219CFA87C0008B274 /* AddBBSController.xib */,
			);
			name = "更新广场";
			sourceTree = "<group>";
		};
		12960F6B19BF22EC00CB973E /* 注册 */ = {
			isa = PBXGroup;
			children = (
				12960F6C19BF230100CB973E /* Sign.swift */,
				12960F6E19BF230900CB973E /* Sign.xib */,
				12960F7019BF2E3B00CB973E /* SignNext.swift */,
				12960F7219BF2E4500CB973E /* SignNext.xib */,
			);
			name = "注册";
			sourceTree = "<group>";
		};
		12A49109198EB550000B6D5E /* 消息 */ = {
			isa = PBXGroup;
			children = (
				12A4910A198EB56D000B6D5E /* Me.swift */,
				12A4910C198EB577000B6D5E /* MeCell.swift */,
				12A4910E198EB580000B6D5E /* MeCell.xib */,
			);
			name = "消息";
			sourceTree = "<group>";
		};
		12A6564519719BAC004F530B /* 设置 */ = {
			isa = PBXGroup;
			children = (
				1217A3E9198D358600959AD2 /* SettingsViewController.swift */,
				12BE103E19C6055300370348 /* Help.swift */,
				12DE696419D130940006B5B5 /* Care.swift */,
				12BF5FFD19BB5E2100DE0ABE /* SettingsViewController.xib */,
			);
			name = "设置";
			sourceTree = "<group>";
		};
		12BE103919C5EBCB00370348 /* 更新广场评论 */ = {
			isa = PBXGroup;
			children = (
				12BE103A19C5EBEA00370348 /* AddBBSComment.swift */,
				12BE103C19C5EBF500370348 /* AddBBSComment.xib */,
			);
			name = "更新广场评论";
			sourceTree = "<group>";
		};
		12BF5FF619BB476200DE0ABE /* 登录 */ = {
			isa = PBXGroup;
			children = (
				12BF5FF719BB478300DE0ABE /* Login.swift */,
				12BF5FF919BB479900DE0ABE /* Login.xib */,
			);
			name = "登录";
			sourceTree = "<group>";
		};
		12CDE5CE19AC9FB4002E793F /* 图片 */ = {
			isa = PBXGroup;
			children = (
				12CDE5D119ACA58E002E793F /* SAImageZoomingView.swift */,
				12CDE5CF19AC9FC1002E793F /* SAImageViewController.swift */,
			);
			name = "图片";
			sourceTree = "<group>";
		};
		12CE6A20196EEDA500F308FF /* 更新进展 */ = {
			isa = PBXGroup;
			children = (
				1283E2BB19AB81E500A0FB1C /* AddStepViewController.swift */,
				1283E2BD19AB81EF00A0FB1C /* AddStepViewController.xib */,
			);
			name = "更新进展";
			sourceTree = "<group>";
		};
		12D222F819A2677F0027284E /* 发现 */ = {
			isa = PBXGroup;
			children = (
				12E553FD19A37FC900FCB2D1 /* Explore.swift */,
				12E553FF19A3813B00FCB2D1 /* ExploreTop.swift */,
				12E5540119A3814400FCB2D1 /* ExploreTop.xib */,
				12E5540319A395B500FCB2D1 /* GroupCell.swift */,
				12E5540519A395BF00FCB2D1 /* GroupCell.xib */,
				12E5540719A399B800FCB2D1 /* 所有梦想 */,
			);
			name = "发现";
			sourceTree = "<group>";
		};
		12E4939C19953DD600F8DF32 /* 回应 */ = {
			isa = PBXGroup;
			children = (
				12E4939A19953DCC00F8DF32 /* CommentCell.swift */,
				12E4939819953DBB00F8DF32 /* CommentCell.xib */,
			);
			name = "回应";
			sourceTree = "<group>";
		};
		12E5540719A399B800FCB2D1 /* 所有梦想 */ = {
			isa = PBXGroup;
			children = (
				12E5540819A399CF00FCB2D1 /* ExploreDreamCell.swift */,
				12E5540A19A399D900FCB2D1 /* ExploreDreamCell.xib */,
			);
			name = "所有梦想";
			sourceTree = "<group>";
		};
		12ECFC9719B8B56300CF1F98 /* 话题 */ = {
			isa = PBXGroup;
			children = (
				12ECFC9819B8B58B00CF1F98 /* BBS.swift */,
				12ECFC9C19B8B5AF00CF1F98 /* BBSCell.swift */,
				12ECFC9A19B8B59C00CF1F98 /* BBSCell.xib */,
				12ECFC9E19B8B5BF00CF1F98 /* BBSCellTop.swift */,
				12ECFCA019B8B5D200CF1F98 /* BBSCellTop.xib */,
			);
			name = "话题";
			sourceTree = "<group>";
		};
		12FB4890196AE76E0026DD51 = {
			isa = PBXGroup;
			children = (
				1275E4B319A8D02600E2FC4C /* Images.xcassets */,
				12FB489B196AE76E0026DD51 /* Nian iOS */,
				12FB489A196AE76E0026DD51 /* Products */,
				12FB48BD196AE8010026DD51 /* Utility */,
				B63CD37464934379B52680E0 /* Frameworks */,
			);
			sourceTree = "<group>";
		};
		12FB489A196AE76E0026DD51 /* Products */ = {
			isa = PBXGroup;
			children = (
				12FB4899196AE76E0026DD51 /* Nian iOS.app */,
				12FB48AB196AE76E0026DD51 /* Nian iOSTests.xctest */,
			);
			name = Products;
			sourceTree = "<group>";
		};
		12FB489B196AE76E0026DD51 /* Nian iOS */ = {
			isa = PBXGroup;
			children = (
				12FB48BB196AE7A20026DD51 /* Home.swift */,
				12FB489E196AE76E0026DD51 /* AppDelegate.swift */,
				12BF5FF619BB476200DE0ABE /* 登录 */,
				12960F6B19BF22EC00CB973E /* 注册 */,
				1291D59619BE0C39009F45F6 /* 欢迎页 */,
				1205298C196B186B00E7509D /* 梦想 */,
				123CB05119785B610062BB8A /* 首页 */,
				12ECFC9719B8B56300CF1F98 /* 话题 */,
				12BE103919C5EBCB00370348 /* 更新广场评论 */,
				12D222F819A2677F0027284E /* 发现 */,
				122D73E8197EB8CD00310C6B /* 更新梦想 */,
				12CE6A20196EEDA500F308FF /* 更新进展 */,
				1231A06B19B36B6200BD425F /* 更新回应 */,
				1257833319B5F183008A1B3B /* 点赞 */,
				1231A07019B45A9E00BD425F /* 用户 */,
				12FB48D2196AEAA10026DD51 /* 关注 */,
				129419FF19CFA8480008B274 /* 更新广场 */,
				12A49109198EB550000B6D5E /* 消息 */,
				12A6564519719BAC004F530B /* 设置 */,
				12063C5C19C9A6B400E54003 /* 念铺 */,
				12CDE5CE19AC9FB4002E793F /* 图片 */,
				12FB489C196AE76E0026DD51 /* Supporting Files */,
			);
			path = "Nian iOS";
			sourceTree = "<group>";
		};
		12FB489C196AE76E0026DD51 /* Supporting Files */ = {
			isa = PBXGroup;
			children = (
				12FB489D196AE76E0026DD51 /* Info.plist */,
				C48C5D02F4C145FDB6622FE5 /* Pods-Nian iOS.xcconfig */,
			);
			name = "Supporting Files";
			sourceTree = "<group>";
		};
		12FB48BD196AE8010026DD51 /* Utility */ = {
			isa = PBXGroup;
			children = (
				1282230519C7E6710002937D /* upyun */,
				12FECE2419CA793D007EF159 /* Reachability */,
				1251D6101975729100F55389 /* Refresh */,
				12652837196C6755005765D2 /* Sapherise.swift */,
				12FB48BE196AE8010026DD51 /* FileUtility.swift */,
				12FB48BF196AE8010026DD51 /* NSDictionaryExt.swift */,
				12FB48C0196AE8010026DD51 /* NSStringExt.swift */,
				12FB48C1196AE8010026DD51 /* UIImageViewWebExt.swift */,
				12FB48C2196AE8010026DD51 /* UIViewExt.swift */,
				12FB48C3196AE8010026DD51 /* SAHttpRequest.swift */,
				12711EB619C09CC1007F98BB /* Nian iOS-Bridging-Header.h */,
			);
			name = Utility;
			path = "Nian iOS/Utility";
			sourceTree = "<group>";
		};
		12FB48D2196AEAA10026DD51 /* 关注 */ = {
			isa = PBXGroup;
			children = (
				12FB48CA196AE9670026DD51 /* Follow.swift */,
				12FB48D5196AEAC50026DD51 /* FollowCell.swift */,
				12FB48D3196AEAB90026DD51 /* FollowCell.xib */,
			);
			name = "关注";
			sourceTree = "<group>";
		};
		12FECE2419CA793D007EF159 /* Reachability */ = {
			isa = PBXGroup;
			children = (
				12FECE2519CA7990007EF159 /* Reachability.h */,
				12FECE2619CA7999007EF159 /* Reachability.m */,
			);
			name = Reachability;
			path = Refresh;
			sourceTree = "<group>";
		};
		B63CD37464934379B52680E0 /* Frameworks */ = {
			isa = PBXGroup;
			children = (
				12DE699419D198C40006B5B5 /* CoreText.framework */,
				338AD568AEBB4BDB888A882D /* libPods-Nian iOS.a */,
			);
			name = Frameworks;
			sourceTree = "<group>";
		};
/* End PBXGroup section */

/* Begin PBXNativeTarget section */
		12FB4898196AE76E0026DD51 /* Nian iOS */ = {
			isa = PBXNativeTarget;
			buildConfigurationList = 12FB48B5196AE76E0026DD51 /* Build configuration list for PBXNativeTarget "Nian iOS" */;
			buildPhases = (
				5F62FD8C96C648A1983462AD /* Check Pods Manifest.lock */,
				12FB4895196AE76E0026DD51 /* Sources */,
				12FB4896196AE76E0026DD51 /* Frameworks */,
				12FB4897196AE76E0026DD51 /* Resources */,
				A03E82B98D764E7A98CDF854 /* Copy Pods Resources */,
			);
			buildRules = (
			);
			dependencies = (
			);
			name = "Nian iOS";
			productName = "Nian iOS";
			productReference = 12FB4899196AE76E0026DD51 /* Nian iOS.app */;
			productType = "com.apple.product-type.application";
		};
		12FB48AA196AE76E0026DD51 /* Nian iOSTests */ = {
			isa = PBXNativeTarget;
			buildConfigurationList = 12FB48B8196AE76E0026DD51 /* Build configuration list for PBXNativeTarget "Nian iOSTests" */;
			buildPhases = (
				12FB48A7196AE76E0026DD51 /* Sources */,
				12FB48A8196AE76E0026DD51 /* Frameworks */,
				12FB48A9196AE76E0026DD51 /* Resources */,
			);
			buildRules = (
			);
			dependencies = (
				12FB48AD196AE76E0026DD51 /* PBXTargetDependency */,
			);
			name = "Nian iOSTests";
			productName = "Nian iOSTests";
			productReference = 12FB48AB196AE76E0026DD51 /* Nian iOSTests.xctest */;
			productType = "com.apple.product-type.bundle.unit-test";
		};
/* End PBXNativeTarget section */

/* Begin PBXProject section */
		12FB4891196AE76E0026DD51 /* Project object */ = {
			isa = PBXProject;
			attributes = {
				LastUpgradeCheck = 0600;
				ORGANIZATIONNAME = Sa;
				TargetAttributes = {
					12FB4898196AE76E0026DD51 = {
						CreatedOnToolsVersion = 6.0;
						DevelopmentTeam = 59CQC84C9S;
						SystemCapabilities = {
							com.apple.InAppPurchase = {
								enabled = 0;
							};
						};
					};
					12FB48AA196AE76E0026DD51 = {
						CreatedOnToolsVersion = 6.0;
						TestTargetID = 12FB4898196AE76E0026DD51;
					};
				};
			};
			buildConfigurationList = 12FB4894196AE76E0026DD51 /* Build configuration list for PBXProject "Nian iOS" */;
			compatibilityVersion = "Xcode 3.2";
			developmentRegion = English;
			hasScannedForEncodings = 0;
			knownRegions = (
				en,
				Base,
			);
			mainGroup = 12FB4890196AE76E0026DD51;
			productRefGroup = 12FB489A196AE76E0026DD51 /* Products */;
			projectDirPath = "";
			projectRoot = "";
			targets = (
				12FB4898196AE76E0026DD51 /* Nian iOS */,
				12FB48AA196AE76E0026DD51 /* Nian iOSTests */,
			);
		};
/* End PBXProject section */

/* Begin PBXResourcesBuildPhase section */
		12FB4897196AE76E0026DD51 /* Resources */ = {
			isa = PBXResourcesBuildPhase;
			buildActionMask = 2147483647;
			files = (
				12E5540219A3814400FCB2D1 /* ExploreTop.xib in Resources */,
				12E4939919953DBB00F8DF32 /* CommentCell.xib in Resources */,
				12652834196C671E005765D2 /* DreamCellTop.xib in Resources */,
				12941A0319CFA87C0008B274 /* AddBBSController.xib in Resources */,
				1231A07619B461FC00BD425F /* UserCellTop.xib in Resources */,
				1231A07F19B464B500BD425F /* StepCell.xib in Resources */,
				12063C6019C9A6D200E54003 /* Store.xib in Resources */,
				1231A06F19B36B8F00BD425F /* AddCommentViewController.xib in Resources */,
				1231A07A19B463E400BD425F /* UserCell.xib in Resources */,
				12BF5FFE19BB5E2100DE0ABE /* SettingsViewController.xib in Resources */,
				12E5540B19A399D900FCB2D1 /* ExploreDreamCell.xib in Resources */,
				12BF5FFA19BB479A00DE0ABE /* Login.xib in Resources */,
				12ECFC9B19B8B59C00CF1F98 /* BBSCell.xib in Resources */,
				124F3258197B19EC0070CA4C /* NianViewController.storyboard in Resources */,
				1257833919B5F1B1008A1B3B /* LikeCell.xib in Resources */,
				12960F7319BF2E4500CB973E /* SignNext.xib in Resources */,
				12ECFCA119B8B5D200CF1F98 /* BBSCellTop.xib in Resources */,
				12652832196C6474005765D2 /* DreamCell.xib in Resources */,
				126593F219CD5CE500884947 /* AddDreamController.xib in Resources */,
				1275E4B419A8D02600E2FC4C /* Images.xcassets in Resources */,
				12960F6F19BF230900CB973E /* Sign.xib in Resources */,
				1283E2BE19AB81EF00A0FB1C /* AddStepViewController.xib in Resources */,
				12FB48D4196AEAB90026DD51 /* FollowCell.xib in Resources */,
				12BE103D19C5EBF500370348 /* AddBBSComment.xib in Resources */,
				12E5540619A395BF00FCB2D1 /* GroupCell.xib in Resources */,
				12A4910F198EB580000B6D5E /* MeCell.xib in Resources */,
			);
			runOnlyForDeploymentPostprocessing = 0;
		};
		12FB48A9196AE76E0026DD51 /* Resources */ = {
			isa = PBXResourcesBuildPhase;
			buildActionMask = 2147483647;
			files = (
			);
			runOnlyForDeploymentPostprocessing = 0;
		};
/* End PBXResourcesBuildPhase section */

/* Begin PBXShellScriptBuildPhase section */
		5F62FD8C96C648A1983462AD /* Check Pods Manifest.lock */ = {
			isa = PBXShellScriptBuildPhase;
			buildActionMask = 2147483647;
			files = (
			);
			inputPaths = (
			);
			name = "Check Pods Manifest.lock";
			outputPaths = (
			);
			runOnlyForDeploymentPostprocessing = 0;
			shellPath = /bin/sh;
			shellScript = "diff \"${PODS_ROOT}/../Podfile.lock\" \"${PODS_ROOT}/Manifest.lock\" > /dev/null\nif [[ $? != 0 ]] ; then\n    cat << EOM\nerror: The sandbox is not in sync with the Podfile.lock. Run 'pod install' or update your CocoaPods installation.\nEOM\n    exit 1\nfi\n";
			showEnvVarsInLog = 0;
		};
		A03E82B98D764E7A98CDF854 /* Copy Pods Resources */ = {
			isa = PBXShellScriptBuildPhase;
			buildActionMask = 2147483647;
			files = (
			);
			inputPaths = (
			);
			name = "Copy Pods Resources";
			outputPaths = (
			);
			runOnlyForDeploymentPostprocessing = 0;
			shellPath = /bin/sh;
			shellScript = "\"${SRCROOT}/Pods/Pods-Nian iOS-resources.sh\"\n";
			showEnvVarsInLog = 0;
		};
/* End PBXShellScriptBuildPhase section */

/* Begin PBXSourcesBuildPhase section */
		12FB4895196AE76E0026DD51 /* Sources */ = {
			isa = PBXSourcesBuildPhase;
			buildActionMask = 2147483647;
			files = (
				12FB48C5196AE8010026DD51 /* NSDictionaryExt.swift in Sources */,
				12E5540019A3813B00FCB2D1 /* ExploreTop.swift in Sources */,
				12960F6D19BF230100CB973E /* Sign.swift in Sources */,
				1291D59819BE0C55009F45F6 /* Welcome.swift in Sources */,
				12CDE5D019AC9FC1002E793F /* SAImageViewController.swift in Sources */,
				12E5540419A395B500FCB2D1 /* GroupCell.swift in Sources */,
				12FB48D6196AEAC50026DD51 /* FollowCell.swift in Sources */,
				12652830196C6468005765D2 /* DreamCell.swift in Sources */,
				12ECFC9D19B8B5AF00CF1F98 /* BBSCell.swift in Sources */,
				12960F7119BF2E3B00CB973E /* SignNext.swift in Sources */,
				1283E2BC19AB81E500A0FB1C /* AddStepViewController.swift in Sources */,
				1231A07819B463DA00BD425F /* UserCell.swift in Sources */,
				12A4910D198EB577000B6D5E /* MeCell.swift in Sources */,
				12652836196C673A005765D2 /* DreamCellTop.swift in Sources */,
				12BE103F19C6055300370348 /* Help.swift in Sources */,
				12E4939B19953DCC00F8DF32 /* CommentCell.swift in Sources */,
				12E553FE19A37FC900FCB2D1 /* Explore.swift in Sources */,
				12FB48C4196AE8010026DD51 /* FileUtility.swift in Sources */,
				12CDE5D219ACA58E002E793F /* SAImageZoomingView.swift in Sources */,
				12FB48C7196AE8010026DD51 /* UIImageViewWebExt.swift in Sources */,
				1231A06D19B36B7B00BD425F /* AddCommentViewController.swift in Sources */,
				1251D61E1975729100F55389 /* UIScrollView+Refresh.swift in Sources */,
				1231A07419B461F100BD425F /* UserCellTop.swift in Sources */,
				12FB48C8196AE8010026DD51 /* UIViewExt.swift in Sources */,
				12ECFC9F19B8B5BF00CF1F98 /* BBSCellTop.swift in Sources */,
				1257833719B5F1A8008A1B3B /* LikeCell.swift in Sources */,
				12DE696519D130940006B5B5 /* Care.swift in Sources */,
				12FECE2719CA7999007EF159 /* Reachability.m in Sources */,
				1231A07219B45F3A00BD425F /* User.swift in Sources */,
				12063C5E19C9A6C500E54003 /* Store.swift in Sources */,
				12FB48C6196AE8010026DD51 /* NSStringExt.swift in Sources */,
				12652838196C6755005765D2 /* Sapherise.swift in Sources */,
				1251D61D1975729100F55389 /* RefreshHeaderView.swift in Sources */,
				1251D61A1975729100F55389 /* RefreshBaseView.swift in Sources */,
				12FB48CB196AE9670026DD51 /* Follow.swift in Sources */,
				123CB05319785B780062BB8A /* NianViewController.swift in Sources */,
				12FB48BC196AE7A20026DD51 /* Home.swift in Sources */,
				12ECFC9919B8B58B00CF1F98 /* BBS.swift in Sources */,
				12FB489F196AE76E0026DD51 /* AppDelegate.swift in Sources */,
				12FB48C9196AE8010026DD51 /* SAHttpRequest.swift in Sources */,
				1231A07D19B464AD00BD425F /* StepCell.swift in Sources */,
				1265282E196C6460005765D2 /* Dream.swift in Sources */,
				12941A0119CFA8650008B274 /* AddBBSController.swift in Sources */,
				1282230E19C7E6710002937D /* NSData+Utils.m in Sources */,
				1251D61C1975729100F55389 /* RefreshFooterView.swift in Sources */,
				1257833519B5F19F008A1B3B /* Like.swift in Sources */,
				122D73EA197EB8EB00310C6B /* AddDreamController.swift in Sources */,
				12BF5FF819BB478300DE0ABE /* Login.swift in Sources */,
				12A4910B198EB56D000B6D5E /* Me.swift in Sources */,
				1282230D19C7E6710002937D /* UpYun.m in Sources */,
				12BE103B19C5EBEA00370348 /* AddBBSComment.swift in Sources */,
				12E5540919A399CF00FCB2D1 /* ExploreDreamCell.swift in Sources */,
				1217A3EA198D358600959AD2 /* SettingsViewController.swift in Sources */,
			);
			runOnlyForDeploymentPostprocessing = 0;
		};
		12FB48A7196AE76E0026DD51 /* Sources */ = {
			isa = PBXSourcesBuildPhase;
			buildActionMask = 2147483647;
			files = (
			);
			runOnlyForDeploymentPostprocessing = 0;
		};
/* End PBXSourcesBuildPhase section */

/* Begin PBXTargetDependency section */
		12FB48AD196AE76E0026DD51 /* PBXTargetDependency */ = {
			isa = PBXTargetDependency;
			target = 12FB4898196AE76E0026DD51 /* Nian iOS */;
			targetProxy = 12FB48AC196AE76E0026DD51 /* PBXContainerItemProxy */;
		};
/* End PBXTargetDependency section */

/* Begin XCBuildConfiguration section */
		12FB48B3196AE76E0026DD51 /* Debug */ = {
			isa = XCBuildConfiguration;
			buildSettings = {
				ALWAYS_SEARCH_USER_PATHS = NO;
				CLANG_CXX_LANGUAGE_STANDARD = "gnu++0x";
				CLANG_CXX_LIBRARY = "libstdc++";
				CLANG_ENABLE_MODULES = YES;
				CLANG_ENABLE_OBJC_ARC = YES;
				CLANG_WARN_BOOL_CONVERSION = YES;
				CLANG_WARN_CONSTANT_CONVERSION = YES;
				CLANG_WARN_DIRECT_OBJC_ISA_USAGE = YES_ERROR;
				CLANG_WARN_EMPTY_BODY = YES;
				CLANG_WARN_ENUM_CONVERSION = YES;
				CLANG_WARN_INT_CONVERSION = YES;
				CLANG_WARN_OBJC_ROOT_CLASS = YES_ERROR;
				CLANG_WARN_UNREACHABLE_CODE = YES;
				CLANG_WARN__DUPLICATE_METHOD_MATCH = YES;
				CODE_SIGN_IDENTITY = "iPhone Distribution: YIRONG ZENG (59CQC84C9S)";
				"CODE_SIGN_IDENTITY[sdk=iphoneos*]" = "iPhone Distribution: YIRONG ZENG (59CQC84C9S)";
				COPY_PHASE_STRIP = NO;
				ENABLE_STRICT_OBJC_MSGSEND = YES;
				GCC_C_LANGUAGE_STANDARD = gnu99;
				GCC_DYNAMIC_NO_PIC = NO;
				GCC_OPTIMIZATION_LEVEL = 0;
				GCC_PREPROCESSOR_DEFINITIONS = (
					"DEBUG=1",
					"$(inherited)",
				);
				GCC_SYMBOLS_PRIVATE_EXTERN = NO;
				GCC_WARN_64_TO_32_BIT_CONVERSION = YES;
				GCC_WARN_ABOUT_RETURN_TYPE = YES_ERROR;
				GCC_WARN_UNDECLARED_SELECTOR = YES;
				GCC_WARN_UNINITIALIZED_AUTOS = YES_AGGRESSIVE;
				GCC_WARN_UNUSED_FUNCTION = YES;
				GCC_WARN_UNUSED_VARIABLE = YES;
				IPHONEOS_DEPLOYMENT_TARGET = 8.0;
				METAL_ENABLE_DEBUG_INFO = YES;
				ONLY_ACTIVE_ARCH = YES;
				SDKROOT = iphoneos;
				SWIFT_INCLUDE_PATHS = "";
				SWIFT_OPTIMIZATION_LEVEL = "-Onone";
			};
			name = Debug;
		};
		12FB48B4196AE76E0026DD51 /* Release */ = {
			isa = XCBuildConfiguration;
			buildSettings = {
				ALWAYS_SEARCH_USER_PATHS = NO;
				CLANG_CXX_LANGUAGE_STANDARD = "gnu++0x";
				CLANG_CXX_LIBRARY = "libstdc++";
				CLANG_ENABLE_MODULES = YES;
				CLANG_ENABLE_OBJC_ARC = YES;
				CLANG_WARN_BOOL_CONVERSION = YES;
				CLANG_WARN_CONSTANT_CONVERSION = YES;
				CLANG_WARN_DIRECT_OBJC_ISA_USAGE = YES_ERROR;
				CLANG_WARN_EMPTY_BODY = YES;
				CLANG_WARN_ENUM_CONVERSION = YES;
				CLANG_WARN_INT_CONVERSION = YES;
				CLANG_WARN_OBJC_ROOT_CLASS = YES_ERROR;
				CLANG_WARN_UNREACHABLE_CODE = YES;
				CLANG_WARN__DUPLICATE_METHOD_MATCH = YES;
				CODE_SIGN_IDENTITY = "iPhone Distribution: YIRONG ZENG (59CQC84C9S)";
				"CODE_SIGN_IDENTITY[sdk=iphoneos*]" = "iPhone Distribution: YIRONG ZENG (59CQC84C9S)";
				COPY_PHASE_STRIP = YES;
				ENABLE_NS_ASSERTIONS = NO;
				ENABLE_STRICT_OBJC_MSGSEND = YES;
				GCC_C_LANGUAGE_STANDARD = gnu99;
				GCC_WARN_64_TO_32_BIT_CONVERSION = YES;
				GCC_WARN_ABOUT_RETURN_TYPE = YES_ERROR;
				GCC_WARN_UNDECLARED_SELECTOR = YES;
				GCC_WARN_UNINITIALIZED_AUTOS = YES_AGGRESSIVE;
				GCC_WARN_UNUSED_FUNCTION = YES;
				GCC_WARN_UNUSED_VARIABLE = YES;
				IPHONEOS_DEPLOYMENT_TARGET = 8.0;
				METAL_ENABLE_DEBUG_INFO = NO;
				SDKROOT = iphoneos;
				SWIFT_INCLUDE_PATHS = "";
				VALIDATE_PRODUCT = YES;
			};
			name = Release;
		};
		12FB48B6196AE76E0026DD51 /* Debug */ = {
			isa = XCBuildConfiguration;
			baseConfigurationReference = C48C5D02F4C145FDB6622FE5 /* Pods-Nian iOS.xcconfig */;
			buildSettings = {
				ASSETCATALOG_COMPILER_APPICON_NAME = AppIcon;
				ASSETCATALOG_COMPILER_LAUNCHIMAGE_NAME = LaunchImage;
				CLANG_CXX_LIBRARY = "libstdc++";
				CLANG_ENABLE_MODULES = YES;
				CODE_SIGN_IDENTITY = "iPhone Developer";
				"CODE_SIGN_IDENTITY[sdk=iphoneos*]" = "iPhone Developer";
				INFOPLIST_FILE = "Nian iOS/Info.plist";
				IPHONEOS_DEPLOYMENT_TARGET = 7.0;
				LD_RUNPATH_SEARCH_PATHS = "$(inherited) @executable_path/Frameworks";
				LIBRARY_SEARCH_PATHS = (
					"$(inherited)",
					"$(SDKROOT)/usr/lib/system",
				);
				New_Setting = "";
				PRODUCT_NAME = "$(TARGET_NAME)";
				PROVISIONING_PROFILE = "";
				SWIFT_INCLUDE_PATHS = "";
				SWIFT_OBJC_BRIDGING_HEADER = "Nian iOS/Nian iOS-Bridging-Header.h";
				SWIFT_OPTIMIZATION_LEVEL = "-Onone";
				TARGETED_DEVICE_FAMILY = "1,2";
			};
			name = Debug;
		};
		12FB48B7196AE76E0026DD51 /* Release */ = {
			isa = XCBuildConfiguration;
			baseConfigurationReference = C48C5D02F4C145FDB6622FE5 /* Pods-Nian iOS.xcconfig */;
			buildSettings = {
				ASSETCATALOG_COMPILER_APPICON_NAME = AppIcon;
				ASSETCATALOG_COMPILER_LAUNCHIMAGE_NAME = LaunchImage;
				CLANG_CXX_LIBRARY = "libstdc++";
				CLANG_ENABLE_MODULES = YES;
				CODE_SIGN_IDENTITY = "iPhone Developer";
				"CODE_SIGN_IDENTITY[sdk=iphoneos*]" = "iPhone Developer";
				INFOPLIST_FILE = "Nian iOS/Info.plist";
				IPHONEOS_DEPLOYMENT_TARGET = 7.0;
				LD_RUNPATH_SEARCH_PATHS = "$(inherited) @executable_path/Frameworks";
				LIBRARY_SEARCH_PATHS = (
					"$(inherited)",
					"$(SDKROOT)/usr/lib/system",
				);
				New_Setting = "";
				PRODUCT_NAME = "$(TARGET_NAME)";
				PROVISIONING_PROFILE = "";
				SWIFT_INCLUDE_PATHS = "";
				SWIFT_OBJC_BRIDGING_HEADER = "Nian iOS/Nian iOS-Bridging-Header.h";
				TARGETED_DEVICE_FAMILY = "1,2";
			};
			name = Release;
		};
		12FB48B9196AE76E0026DD51 /* Debug */ = {
			isa = XCBuildConfiguration;
			buildSettings = {
				BUNDLE_LOADER = "$(BUILT_PRODUCTS_DIR)/Nian iOS.app/Nian iOS";
				FRAMEWORK_SEARCH_PATHS = (
					"$(SDKROOT)/Developer/Library/Frameworks",
					"$(inherited)",
				);
				GCC_PREPROCESSOR_DEFINITIONS = (
					"DEBUG=1",
					"$(inherited)",
				);
				INFOPLIST_FILE = "";
				LD_RUNPATH_SEARCH_PATHS = "$(inherited) @executable_path/Frameworks @loader_path/Frameworks";
				METAL_ENABLE_DEBUG_INFO = YES;
				PRODUCT_NAME = "$(TARGET_NAME)";
				TEST_HOST = "$(BUNDLE_LOADER)";
			};
			name = Debug;
		};
		12FB48BA196AE76E0026DD51 /* Release */ = {
			isa = XCBuildConfiguration;
			buildSettings = {
				BUNDLE_LOADER = "$(BUILT_PRODUCTS_DIR)/Nian iOS.app/Nian iOS";
				FRAMEWORK_SEARCH_PATHS = (
					"$(SDKROOT)/Developer/Library/Frameworks",
					"$(inherited)",
				);
				INFOPLIST_FILE = "";
				LD_RUNPATH_SEARCH_PATHS = "$(inherited) @executable_path/Frameworks @loader_path/Frameworks";
				METAL_ENABLE_DEBUG_INFO = NO;
				PRODUCT_NAME = "$(TARGET_NAME)";
				TEST_HOST = "$(BUNDLE_LOADER)";
			};
			name = Release;
		};
/* End XCBuildConfiguration section */

/* Begin XCConfigurationList section */
		12FB4894196AE76E0026DD51 /* Build configuration list for PBXProject "Nian iOS" */ = {
			isa = XCConfigurationList;
			buildConfigurations = (
				12FB48B3196AE76E0026DD51 /* Debug */,
				12FB48B4196AE76E0026DD51 /* Release */,
			);
			defaultConfigurationIsVisible = 0;
			defaultConfigurationName = Release;
		};
		12FB48B5196AE76E0026DD51 /* Build configuration list for PBXNativeTarget "Nian iOS" */ = {
			isa = XCConfigurationList;
			buildConfigurations = (
				12FB48B6196AE76E0026DD51 /* Debug */,
				12FB48B7196AE76E0026DD51 /* Release */,
			);
			defaultConfigurationIsVisible = 0;
			defaultConfigurationName = Release;
		};
		12FB48B8196AE76E0026DD51 /* Build configuration list for PBXNativeTarget "Nian iOSTests" */ = {
			isa = XCConfigurationList;
			buildConfigurations = (
				12FB48B9196AE76E0026DD51 /* Debug */,
				12FB48BA196AE76E0026DD51 /* Release */,
			);
			defaultConfigurationIsVisible = 0;
			defaultConfigurationName = Release;
		};
/* End XCConfigurationList section */
	};
	rootObject = 12FB4891196AE76E0026DD51 /* Project object */;
}
